// !$*UTF8*$!
{
	archiveVersion = 1;
	classes = {
	};
	objectVersion = 50;
	objects = {

/* Begin PBXBuildFile section */
		54FE0760238ED57300D5F88F /* AppDelegate.swift in Sources */ = {isa = PBXBuildFile; fileRef = 54FE075F238ED57300D5F88F /* AppDelegate.swift */; };
		54FE0762238ED57300D5F88F /* SceneDelegate.swift in Sources */ = {isa = PBXBuildFile; fileRef = 54FE0761238ED57300D5F88F /* SceneDelegate.swift */; };
		54FE0764238ED57300D5F88F /* ViewController.swift in Sources */ = {isa = PBXBuildFile; fileRef = 54FE0763238ED57300D5F88F /* ViewController.swift */; };
		54FE0767238ED57300D5F88F /* Main.storyboard in Resources */ = {isa = PBXBuildFile; fileRef = 54FE0765238ED57300D5F88F /* Main.storyboard */; };
		54FE0769238ED57A00D5F88F /* Assets.xcassets in Resources */ = {isa = PBXBuildFile; fileRef = 54FE0768238ED57A00D5F88F /* Assets.xcassets */; };
		54FE076C238ED57A00D5F88F /* LaunchScreen.storyboard in Resources */ = {isa = PBXBuildFile; fileRef = 54FE076A238ED57A00D5F88F /* LaunchScreen.storyboard */; };
		54FE0774238ED77E00D5F88F /* ViewController2.swift in Sources */ = {isa = PBXBuildFile; fileRef = 54FE0773238ED77E00D5F88F /* ViewController2.swift */; };
/* End PBXBuildFile section */

/* Begin PBXFileReference section */
		54FE075C238ED57300D5F88F /* ui-storyboard-and-programmatic.app */ = {isa = PBXFileReference; explicitFileType = wrapper.application; includeInIndex = 0; path = "ui-storyboard-and-programmatic.app"; sourceTree = BUILT_PRODUCTS_DIR; };
		54FE075F238ED57300D5F88F /* AppDelegate.swift */ = {isa = PBXFileReference; lastKnownFileType = sourcecode.swift; path = AppDelegate.swift; sourceTree = "<group>"; };
		54FE0761238ED57300D5F88F /* SceneDelegate.swift */ = {isa = PBXFileReference; lastKnownFileType = sourcecode.swift; path = SceneDelegate.swift; sourceTree = "<group>"; };
		54FE0763238ED57300D5F88F /* ViewController.swift */ = {isa = PBXFileReference; lastKnownFileType = sourcecode.swift; path = ViewController.swift; sourceTree = "<group>"; };
		54FE0766238ED57300D5F88F /* Base */ = {isa = PBXFileReference; lastKnownFileType = file.storyboard; name = Base; path = Base.lproj/Main.storyboard; sourceTree = "<group>"; };
		54FE0768238ED57A00D5F88F /* Assets.xcassets */ = {isa = PBXFileReference; lastKnownFileType = folder.assetcatalog; path = Assets.xcassets; sourceTree = "<group>"; };
		54FE076B238ED57A00D5F88F /* Base */ = {isa = PBXFileReference; lastKnownFileType = file.storyboard; name = Base; path = Base.lproj/LaunchScreen.storyboard; sourceTree = "<group>"; };
		54FE076D238ED57A00D5F88F /* Info.plist */ = {isa = PBXFileReference; lastKnownFileType = text.plist.xml; path = Info.plist; sourceTree = "<group>"; };
		54FE0773238ED77E00D5F88F /* ViewController2.swift */ = {isa = PBXFileReference; lastKnownFileType = sourcecode.swift; path = ViewController2.swift; sourceTree = "<group>"; };
/* End PBXFileReference section */

/* Begin PBXFrameworksBuildPhase section */
		54FE0759238ED57300D5F88F /* Frameworks */ = {
			isa = PBXFrameworksBuildPhase;
			buildActionMask = 2147483647;
			files = (
			);
			runOnlyForDeploymentPostprocessing = 0;
		};
/* End PBXFrameworksBuildPhase section */

/* Begin PBXGroup section */
		54FE0753238ED57300D5F88F = {
			isa = PBXGroup;
			children = (
				54FE075E238ED57300D5F88F /* ui-storyboard-and-programmatic */,
				54FE075D238ED57300D5F88F /* Products */,
			);
			sourceTree = "<group>";
		};
		54FE075D238ED57300D5F88F /* Products */ = {
			isa = PBXGroup;
			children = (
				54FE075C238ED57300D5F88F /* ui-storyboard-and-programmatic.app */,
			);
			name = Products;
			sourceTree = "<group>";
		};
		54FE075E238ED57300D5F88F /* ui-storyboard-and-programmatic */ = {
			isa = PBXGroup;
			children = (
				54FE075F238ED57300D5F88F /* AppDelegate.swift */,
				54FE0761238ED57300D5F88F /* SceneDelegate.swift */,
				54FE0773238ED77E00D5F88F /* ViewController2.swift */,
				54FE0763238ED57300D5F88F /* ViewController.swift */,
				54FE0765238ED57300D5F88F /* Main.storyboard */,
				54FE0768238ED57A00D5F88F /* Assets.xcassets */,
				54FE076A238ED57A00D5F88F /* LaunchScreen.storyboard */,
				54FE076D238ED57A00D5F88F /* Info.plist */,
			);
			path = "ui-storyboard-and-programmatic";
			sourceTree = "<group>";
		};
/* End PBXGroup section */

/* Begin PBXNativeTarget section */
		54FE075B238ED57300D5F88F /* ui-storyboard-and-programmatic */ = {
			isa = PBXNativeTarget;
			buildConfigurationList = 54FE0770238ED57A00D5F88F /* Build configuration list for PBXNativeTarget "ui-storyboard-and-programmatic" */;
			buildPhases = (
				54FE0758238ED57300D5F88F /* Sources */,
				54FE0759238ED57300D5F88F /* Frameworks */,
				54FE075A238ED57300D5F88F /* Resources */,
			);
			buildRules = (
			);
			dependencies = (
			);
			name = "ui-storyboard-and-programmatic";
			productName = "ui-storyboard-and-programmatic";
			productReference = 54FE075C238ED57300D5F88F /* ui-storyboard-and-programmatic.app */;
			productType = "com.apple.product-type.application";
		};
/* End PBXNativeTarget section */

/* Begin PBXProject section */
		54FE0754238ED57300D5F88F /* Project object */ = {
			isa = PBXProject;
			attributes = {
				LastSwiftUpdateCheck = 1120;
				LastUpgradeCheck = 1120;
				ORGANIZATIONNAME = "David Rifkin";
				TargetAttributes = {
					54FE075B238ED57300D5F88F = {
						CreatedOnToolsVersion = 11.2.1;
					};
				};
			};
			buildConfigurationList = 54FE0757238ED57300D5F88F /* Build configuration list for PBXProject "ui-storyboard-and-programmatic" */;
			compatibilityVersion = "Xcode 9.3";
			developmentRegion = en;
			hasScannedForEncodings = 0;
			knownRegions = (
				en,
				Base,
			);
			mainGroup = 54FE0753238ED57300D5F88F;
			productRefGroup = 54FE075D238ED57300D5F88F /* Products */;
			projectDirPath = "";
			projectRoot = "";
			targets = (
				54FE075B238ED57300D5F88F /* ui-storyboard-and-programmatic */,
			);
		};
/* End PBXProject section */

/* Begin PBXResourcesBuildPhase section */
		54FE075A238ED57300D5F88F /* Resources */ = {
			isa = PBXResourcesBuildPhase;
			buildActionMask = 2147483647;
			files = (
				54FE076C238ED57A00D5F88F /* LaunchScreen.storyboard in Resources */,
				54FE0769238ED57A00D5F88F /* Assets.xcassets in Resources */,
				54FE0767238ED57300D5F88F /* Main.storyboard in Resources */,
			);
			runOnlyForDeploymentPostprocessing = 0;
		};
/* End PBXResourcesBuildPhase section */

/* Begin PBXSourcesBuildPhase section */
		54FE0758238ED57300D5F88F /* Sources */ = {
			isa = PBXSourcesBuildPhase;
			buildActionMask = 2147483647;
			files = (
				54FE0764238ED57300D5F88F /* ViewController.swift in Sources */,
				54FE0774238ED77E00D5F88F /* ViewController2.swift in Sources */,
				54FE0760238ED57300D5F88F /* AppDelegate.swift in Sources */,
				54FE0762238ED57300D5F88F /* SceneDelegate.swift in Sources */,
			);
			runOnlyForDeploymentPostprocessing = 0;
		};
/* End PBXSourcesBuildPhase section */

/* Begin PBXVariantGroup section */
		54FE0765238ED57300D5F88F /* Main.storyboard */ = {
			isa = PBXVariantGroup;
			children = (
				54FE0766238ED57300D5F88F /* Base */,
			);
			name = Main.storyboard;
			sourceTree = "<group>";
		};
		54FE076A238ED57A00D5F88F /* LaunchScreen.storyboard */ = {
			isa = PBXVariantGroup;
			children = (
				54FE076B238ED57A00D5F88F /* Base */,
			);
			name = LaunchScreen.storyboard;
			sourceTree = "<group>";
		};
/* End PBXVariantGroup section */

/* Begin XCBuildConfiguration section */
		54FE076E238ED57A00D5F88F /* Debug */ = {
			isa = XCBuildConfiguration;
			buildSettings = {
				ALWAYS_SEARCH_USER_PATHS = NO;
				CLANG_ANALYZER_NONNULL = YES;
				CLANG_ANALYZER_NUMBER_OBJECT_CONVERSION = YES_AGGRESSIVE;
				CLANG_CXX_LANGUAGE_STANDARD = "gnu++14";
				CLANG_CXX_LIBRARY = "libc++";
				CLANG_ENABLE_MODULES = YES;
				CLANG_ENABLE_OBJC_ARC = YES;
				CLANG_ENABLE_OBJC_WEAK = YES;
				CLANG_WARN_BLOCK_CAPTURE_AUTORELEASING = YES;
				CLANG_WARN_BOOL_CONVERSION = YES;
				CLANG_WARN_COMMA = YES;
				CLANG_WARN_CONSTANT_CONVERSION = YES;
				CLANG_WARN_DEPRECATED_OBJC_IMPLEMENTATIONS = YES;
				CLANG_WARN_DIRECT_OBJC_ISA_USAGE = YES_ERROR;
				CLANG_WARN_DOCUMENTATION_COMMENTS = YES;
				CLANG_WARN_EMPTY_BODY = YES;
				CLANG_WARN_ENUM_CONVERSION = YES;
				CLANG_WARN_INFINITE_RECURSION = YES;
				CLANG_WARN_INT_CONVERSION = YES;
				CLANG_WARN_NON_LITERAL_NULL_CONVERSION = YES;
				CLANG_WARN_OBJC_IMPLICIT_RETAIN_SELF = YES;
				CLANG_WARN_OBJC_LITERAL_CONVERSION = YES;
				CLANG_WARN_OBJC_ROOT_CLASS = YES_ERROR;
				CLANG_WARN_RANGE_LOOP_ANALYSIS = YES;
				CLANG_WARN_STRICT_PROTOTYPES = YES;
				CLANG_WARN_SUSPICIOUS_MOVE = YES;
				CLANG_WARN_UNGUARDED_AVAILABILITY = YES_AGGRESSIVE;
				CLANG_WARN_UNREACHABLE_CODE = YES;
				CLANG_WARN__DUPLICATE_METHOD_MATCH = YES;
				COPY_PHASE_STRIP = NO;
				DEBUG_INFORMATION_FORMAT = dwarf;
				ENABLE_STRICT_OBJC_MSGSEND = YES;
				ENABLE_TESTABILITY = YES;
				GCC_C_LANGUAGE_STANDARD = gnu11;
				GCC_DYNAMIC_NO_PIC = NO;
				GCC_NO_COMMON_BLOCKS = YES;
				GCC_OPTIMIZATION_LEVEL = 0;
				GCC_PREPROCESSOR_DEFINITIONS = (
					"DEBUG=1",
					"$(inherited)",
				);
				GCC_WARN_64_TO_32_BIT_CONVERSION = YES;
				GCC_WARN_ABOUT_RETURN_TYPE = YES_ERROR;
				GCC_WARN_UNDECLARED_SELECTOR = YES;
				GCC_WARN_UNINITIALIZED_AUTOS = YES_AGGRESSIVE;
				GCC_WARN_UNUSED_FUNCTION = YES;
				GCC_WARN_UNUSED_VARIABLE = YES;
				IPHONEOS_DEPLOYMENT_TARGET = 13.2;
				MTL_ENABLE_DEBUG_INFO = INCLUDE_SOURCE;
				MTL_FAST_MATH = YES;
				ONLY_ACTIVE_ARCH = YES;
				SDKROOT = iphoneos;
				SWIFT_ACTIVE_COMPILATION_CONDITIONS = DEBUG;
				SWIFT_OPTIMIZATION_LEVEL = "-Onone";
			};
			name = Debug;
		};
		54FE076F238ED57A00D5F88F /* Release */ = {
			isa = XCBuildConfiguration;
			buildSettings = {
				ALWAYS_SEARCH_USER_PATHS = NO;
				CLANG_ANALYZER_NONNULL = YES;
				CLANG_ANALYZER_NUMBER_OBJECT_CONVERSION = YES_AGGRESSIVE;
				CLANG_CXX_LANGUAGE_STANDARD = "gnu++14";
				CLANG_CXX_LIBRARY = "libc++";
				CLANG_ENABLE_MODULES = YES;
				CLANG_ENABLE_OBJC_ARC = YES;
				CLANG_ENABLE_OBJC_WEAK = YES;
				CLANG_WARN_BLOCK_CAPTURE_AUTORELEASING = YES;
				CLANG_WARN_BOOL_CONVERSION = YES;
				CLANG_WARN_COMMA = YES;
				CLANG_WARN_CONSTANT_CONVERSION = YES;
				CLANG_WARN_DEPRECATED_OBJC_IMPLEMENTATIONS = YES;
				CLANG_WARN_DIRECT_OBJC_ISA_USAGE = YES_ERROR;
				CLANG_WARN_DOCUMENTATION_COMMENTS = YES;
				CLANG_WARN_EMPTY_BODY = YES;
				CLANG_WARN_ENUM_CONVERSION = YES;
				CLANG_WARN_INFINITE_RECURSION = YES;
				CLANG_WARN_INT_CONVERSION = YES;
				CLANG_WARN_NON_LITERAL_NULL_CONVERSION = YES;
				CLANG_WARN_OBJC_IMPLICIT_RETAIN_SELF = YES;
				CLANG_WARN_OBJC_LITERAL_CONVERSION = YES;
				CLANG_WARN_OBJC_ROOT_CLASS = YES_ERROR;
				CLANG_WARN_RANGE_LOOP_ANALYSIS = YES;
				CLANG_WARN_STRICT_PROTOTYPES = YES;
				CLANG_WARN_SUSPICIOUS_MOVE = YES;
				CLANG_WARN_UNGUARDED_AVAILABILITY = YES_AGGRESSIVE;
				CLANG_WARN_UNREACHABLE_CODE = YES;
				CLANG_WARN__DUPLICATE_METHOD_MATCH = YES;
				COPY_PHASE_STRIP = NO;
				DEBUG_INFORMATION_FORMAT = "dwarf-with-dsym";
				ENABLE_NS_ASSERTIONS = NO;
				ENABLE_STRICT_OBJC_MSGSEND = YES;
				GCC_C_LANGUAGE_STANDARD = gnu11;
				GCC_NO_COMMON_BLOCKS = YES;
				GCC_WARN_64_TO_32_BIT_CONVERSION = YES;
				GCC_WARN_ABOUT_RETURN_TYPE = YES_ERROR;
				GCC_WARN_UNDECLARED_SELECTOR = YES;
				GCC_WARN_UNINITIALIZED_AUTOS = YES_AGGRESSIVE;
				GCC_WARN_UNUSED_FUNCTION = YES;
				GCC_WARN_UNUSED_VARIABLE = YES;
				IPHONEOS_DEPLOYMENT_TARGET = 13.2;
				MTL_ENABLE_DEBUG_INFO = NO;
				MTL_FAST_MATH = YES;
				SDKROOT = iphoneos;
				SWIFT_COMPILATION_MODE = wholemodule;
				SWIFT_OPTIMIZATION_LEVEL = "-O";
				VALIDATE_PRODUCT = YES;
			};
			name = Release;
		};
		54FE0771238ED57A00D5F88F /* Debug */ = {
			isa = XCBuildConfiguration;
			buildSettings = {
				ASSETCATALOG_COMPILER_APPICON_NAME = AppIcon;
				CODE_SIGN_STYLE = Automatic;
				INFOPLIST_FILE = "ui-storyboard-and-programmatic/Info.plist";
				LD_RUNPATH_SEARCH_PATHS = (
					"$(inherited)",
					"@executable_path/Frameworks",
				);
				PRODUCT_BUNDLE_IDENTIFIER = "sixpointone.ui-storyboard-and-programmatic";
				PRODUCT_NAME = "$(TARGET_NAME)";
				SWIFT_VERSION = 5.0;
				TARGETED_DEVICE_FAMILY = "1,2";
			};
			name = Debug;
		};
		54FE0772238ED57A00D5F88F /* Release */ = {
			isa = XCBuildConfiguration;
			buildSettings = {
				ASSETCATALOG_COMPILER_APPICON_NAME = AppIcon;
				CODE_SIGN_STYLE = Automatic;
				INFOPLIST_FILE = "ui-storyboard-and-programmatic/Info.plist";
				LD_RUNPATH_SEARCH_PATHS = (
					"$(inherited)",
					"@executable_path/Frameworks",
				);
				PRODUCT_BUNDLE_IDENTIFIER = "sixpointone.ui-storyboard-and-programmatic";
				PRODUCT_NAME = "$(TARGET_NAME)";
				SWIFT_VERSION = 5.0;
				TARGETED_DEVICE_FAMILY = "1,2";
			};
			name = Release;
		};
/* End XCBuildConfiguration section */

/* Begin XCConfigurationList section */
		54FE0757238ED57300D5F88F /* Build configuration list for PBXProject "ui-storyboard-and-programmatic" */ = {
			isa = XCConfigurationList;
			buildConfigurations = (
				54FE076E238ED57A00D5F88F /* Debug */,
				54FE076F238ED57A00D5F88F /* Release */,
			);
			defaultConfigurationIsVisible = 0;
			defaultConfigurationName = Release;
		};
		54FE0770238ED57A00D5F88F /* Build configuration list for PBXNativeTarget "ui-storyboard-and-programmatic" */ = {
			isa = XCConfigurationList;
			buildConfigurations = (
				54FE0771238ED57A00D5F88F /* Debug */,
				54FE0772238ED57A00D5F88F /* Release */,
			);
			defaultConfigurationIsVisible = 0;
			defaultConfigurationName = Release;
		};
/* End XCConfigurationList section */
	};
	rootObject = 54FE0754238ED57300D5F88F /* Project object */;
}
